# This file is automatically @generated by Poetry 1.8.3 and should not be changed by hand.

[[package]]
name = "cityhash"
version = "0.4.10"
description = "Python bindings for CityHash and FarmHash"
optional = false
python-versions = ">=3.6"
files = [
    {file = "cityhash-0.4.10-cp310-cp310-macosx_10_9_x86_64.whl", hash = "sha256:75f3d40a634cad68b32323528b57b2f43f5abb6f687fd504de77eaba9c29621c"},
    {file = "cityhash-0.4.10-cp310-cp310-macosx_11_0_arm64.whl", hash = "sha256:b9293b4c79874c7c02d9201a9ee28b6b400751ce6517662cf1bc0a8d42c1c150"},
    {file = "cityhash-0.4.10-cp310-cp310-manylinux_2_17_aarch64.manylinux2014_aarch64.whl", hash = "sha256:ce38b677f01cea7979cc3c98c4fdc6bec535b32a4005cdc5506c1f9d656ff87c"},
    {file = "cityhash-0.4.10-cp310-cp310-manylinux_2_17_x86_64.manylinux2014_x86_64.whl", hash = "sha256:390b81885de9dd5a2ec247deb7b8f5dcc74ea11c3b50222c914f99c4c6961fcd"},
    {file = "cityhash-0.4.10-cp310-cp310-win32.whl", hash = "sha256:8355ab427a364e30cbe73296fe3b169154023258055e53c60dd16daa85211e6d"},
    {file = "cityhash-0.4.10-cp310-cp310-win_amd64.whl", hash = "sha256:a5f1451022550f5b5d87a62aced1bf9218e8cab9af14b9d1980a2e01acf281ee"},
    {file = "cityhash-0.4.10-cp311-cp311-macosx_10_9_x86_64.whl", hash = "sha256:86ccc9893733dae9868c5d279b9b61518f55034127ca0f1ed51946fe6578a33d"},
    {file = "cityhash-0.4.10-cp311-cp311-macosx_11_0_arm64.whl", hash = "sha256:e2eb819ba8fb6f6615ef5b8e9200060a7a66a07f14ef55bd29c0916ada55bad4"},
    {file = "cityhash-0.4.10-cp311-cp311-manylinux_2_17_aarch64.manylinux2014_aarch64.whl", hash = "sha256:e8911ff08138dc6f2134c9a1c19c7e1972a2f198b210c19f2123c999c34d37ca"},
    {file = "cityhash-0.4.10-cp311-cp311-manylinux_2_17_x86_64.manylinux2014_x86_64.whl", hash = "sha256:96043b803797fe8c8c632edb708ed5a22c72b38c1539b33079be1ec45323290e"},
    {file = "cityhash-0.4.10-cp311-cp311-win32.whl", hash = "sha256:61ec6cf9b0d9895eefb57e1b5151f8731a0e7294ed400741b2a2d596dc21f09d"},
    {file = "cityhash-0.4.10-cp311-cp311-win_amd64.whl", hash = "sha256:c04e42ecb23b9c0e7ee4cade50ad9908671f594dfa5586d7838beca9b42adc51"},
    {file = "cityhash-0.4.10-cp312-cp312-macosx_10_13_x86_64.whl", hash = "sha256:65b5739609833155c59152de0496a8edfd964d89cf9fafbd3b18e75b79acd84f"},
    {file = "cityhash-0.4.10-cp312-cp312-macosx_11_0_arm64.whl", hash = "sha256:a507f8c0633ae65edacc7f43340c413b99e32f2274420058e1e0f7887108bfea"},
    {file = "cityhash-0.4.10-cp312-cp312-manylinux_2_17_aarch64.manylinux2014_aarch64.whl", hash = "sha256:0d72afa1b5b7b682d40a5e6d41b2837c0a6f32ac81860be52d54bbf7044520d2"},
    {file = "cityhash-0.4.10-cp312-cp312-manylinux_2_17_x86_64.manylinux2014_x86_64.whl", hash = "sha256:6aeb6a3f455e73765d0f1844b5a5004ab89f531a99b82533cfdaa0bc9f616544"},
    {file = "cityhash-0.4.10-cp312-cp312-win32.whl", hash = "sha256:e4b92bec4001d4fd72e145c56696d751bb011dd122443a1207713eb811d4e0ae"},
    {file = "cityhash-0.4.10-cp312-cp312-win_amd64.whl", hash = "sha256:bc0a0aed8d1c1aa0b21500d42995ed0a6eb1785746529066d2bd5d7abfee91ba"},
    {file = "cityhash-0.4.10-cp313-cp313-macosx_10_13_x86_64.whl", hash = "sha256:33c04b3bcebcada20c650ec0a5dc1c2933170c740b439595924791fa7c167107"},
    {file = "cityhash-0.4.10-cp313-cp313-macosx_11_0_arm64.whl", hash = "sha256:38577d4b1965edfcc656f09813a3554572235f5e31de198cd44e6bc1f96323a2"},
    {file = "cityhash-0.4.10-cp313-cp313-manylinux_2_17_aarch64.manylinux2014_aarch64.whl", hash = "sha256:b1edcae23ebe925a4b309a6be4bf34c03577a6ef73a52c027e17ce324dd84745"},
    {file = "cityhash-0.4.10-cp313-cp313-manylinux_2_17_x86_64.manylinux2014_x86_64.whl", hash = "sha256:584adb2d108453eb486a252113addb5239c570d13b81302f198b94cdb5e16b36"},
    {file = "cityhash-0.4.10-cp313-cp313-win32.whl", hash = "sha256:c5f14232a7ab12cb173ebe885c1a967a0e9a7ead7695bba7af58c6d2aea13970"},
    {file = "cityhash-0.4.10-cp313-cp313-win_amd64.whl", hash = "sha256:4182c95c2615a3f8d5ffd06c7204a1d2f9296f0f6abd4f34f8a6d6d199ed7a3f"},
    {file = "cityhash-0.4.10-cp36-cp36m-macosx_10_9_x86_64.whl", hash = "sha256:7f066993427f88e2daa77bd4b2b45330987604c04da6cf1c6056da7c3abf4165"},
    {file = "cityhash-0.4.10-cp36-cp36m-manylinux_2_17_aarch64.manylinux2014_aarch64.whl", hash = "sha256:488c43bb25aa818e4a85cefc77cc42289f3fda2f8239364ab4c23336de591858"},
    {file = "cityhash-0.4.10-cp36-cp36m-manylinux_2_17_x86_64.manylinux2014_x86_64.whl", hash = "sha256:446d51ceca570ab707f5921caf754e68b83881db9ad14386b6ad39d8803c3f05"},
    {file = "cityhash-0.4.10-cp36-cp36m-win32.whl", hash = "sha256:1c8672076dc01132612508b504bfc6976e1318c0397cd57942dc413052438e78"},
    {file = "cityhash-0.4.10-cp36-cp36m-win_amd64.whl", hash = "sha256:10c881f2518f6e364c7dcbcc4a97b2ca29181d30cf1156deaa4e6c0b8ea6556c"},
    {file = "cityhash-0.4.10-cp37-cp37m-macosx_10_9_x86_64.whl", hash = "sha256:c679978876d402dce489543ab4c99fda002c2af1801d65e3d40d6c89ef93b1a9"},
    {file = "cityhash-0.4.10-cp37-cp37m-manylinux_2_17_aarch64.manylinux2014_aarch64.whl", hash = "sha256:ddad292fce86348c934d1f43cc7808336a7e716eeab6da140f276558c94cd10c"},
    {file = "cityhash-0.4.10-cp37-cp37m-manylinux_2_17_x86_64.manylinux2014_x86_64.whl", hash = "sha256:260e456d9c643932dcd47aab3563582ae63e7659a2b7a20b8abbbfb01d9c5181"},
    {file = "cityhash-0.4.10-cp37-cp37m-win32.whl", hash = "sha256:f0dc4f73f5005fd6ed387547d9cdf7f945a6e89873d8cd44eff82c589aa87a69"},
    {file = "cityhash-0.4.10-cp37-cp37m-win_amd64.whl", hash = "sha256:e95706a2d2bf969727b04941916ac8e6b59fa27b7e263eb108986854f394fd0f"},
    {file = "cityhash-0.4.10-cp38-cp38-macosx_10_9_x86_64.whl", hash = "sha256:af377a083180c0f23007ba1ccedbec14037f38a31d9c22e40dc802b3287fc3a9"},
    {file = "cityhash-0.4.10-cp38-cp38-manylinux_2_17_aarch64.manylinux2014_aarch64.whl", hash = "sha256:7e825a9d175c2ec76cc10c334b3a4fd1904dcd59ef550e37ac573db955f7b441"},
    {file = "cityhash-0.4.10-cp38-cp38-manylinux_2_17_x86_64.manylinux2014_x86_64.whl", hash = "sha256:f930ccc42e8741a2136b39f83111871e42e2980f17c628c4d6d9b815e84755f0"},
    {file = "cityhash-0.4.10-cp38-cp38-win32.whl", hash = "sha256:39df91efe7b191fae84862e33ac4d97f83edcaa3d05299a2f8af1cb10db83412"},
    {file = "cityhash-0.4.10-cp38-cp38-win_amd64.whl", hash = "sha256:a2bd5dc06e873a7808287f942e72f9691198e0af658b9dc49e6454738a0aec67"},
    {file = "cityhash-0.4.10-cp39-cp39-macosx_10_9_x86_64.whl", hash = "sha256:b4669c2ca742b247716969d27d8e7efc75b6249eee668db2d30098b8dad28104"},
    {file = "cityhash-0.4.10-cp39-cp39-macosx_11_0_arm64.whl", hash = "sha256:f7b62e1c9b1bbd37f21ea35ea9a6e56016268c5da8826508bc9b13320f871a87"},
    {file = "cityhash-0.4.10-cp39-cp39-manylinux_2_17_aarch64.manylinux2014_aarch64.whl", hash = "sha256:89693a25d7cb1e6403f397686f9f2e4753766be6812431e1fe9ac1bafd8a1fc9"},
    {file = "cityhash-0.4.10-cp39-cp39-manylinux_2_17_x86_64.manylinux2014_x86_64.whl", hash = "sha256:4289853163c77966ca016921c96ae20324a3246a57f414846970db57ce336c6c"},
    {file = "cityhash-0.4.10-cp39-cp39-win32.whl", hash = "sha256:008356bbcf9dcd1fc5d8aae7a4b0029a36d4b8beb869ddd17ca05985888aa4ae"},
    {file = "cityhash-0.4.10-cp39-cp39-win_amd64.whl", hash = "sha256:e23d28ee2ffed2eb7cb80605ec68ac33e1dcd0b3cf96c051d04bdf54a771b9e2"},
    {file = "cityhash-0.4.10.tar.gz", hash = "sha256:7e35da9aaf5fcf91da3fea23405874db55ffa58b1abc441d39cce0c8704a9c15"},
]

[metadata]
lock-version = "2.0"
python-versions = "^3.12"
content-hash = "c9255f3d7085744096e240ced83123a924e83ad233b224d0ed6201706f9a92cc"
